
Microsoft Visual Studio Solution File, Format Version 12.00
# Visual Studio 2013
VisualStudioVersion = 12.0.21005.1
MinimumVisualStudioVersion = 10.0.40219.1
Project("{FAE04EC0-301F-11D3-BF4B-00C04F79EFBC}") = "lab7", "lab7\lab7.csproj", "{B04FF8BF-BD49-4000-B448-D3F8BB5995AD}"
EndProject
Project("{FAE04EC0-301F-11D3-BF4B-00C04F79EFBC}") = "lab7Lib", "lab7Lib\lab7Lib.csproj", "{E035D4DF-BB40-4686-98AE-6A049DD11F7B}"
EndProject
Project("{FAE04EC0-301F-11D3-BF4B-00C04F79EFBC}") = "lab7Tests", "lab7Tests\lab7Tests.csproj", "{0C680BA6-B1FA-4AC6-BBD3-733339E19709}"
EndProject
Global
	GlobalSection(SolutionConfigurationPlatforms) = preSolution
		Debug|Any CPU = Debug|Any CPU
		Release|Any CPU = Release|Any CPU
	EndGlobalSection
	GlobalSection(ProjectConfigurationPlatforms) = postSolution
		{B04FF8BF-BD49-4000-B448-D3F8BB5995AD}.Debug|Any CPU.ActiveCfg = Debug|Any CPU
		{B04FF8BF-BD49-4000-B448-D3F8BB5995AD}.Debug|Any CPU.Build.0 = Debug|Any CPU
		{B04FF8BF-BD49-4000-B448-D3F8BB5995AD}.Release|Any CPU.ActiveCfg = Release|Any CPU
		{B04FF8BF-BD49-4000-B448-D3F8BB5995AD}.Release|Any CPU.Build.0 = Release|Any CPU
		{E035D4DF-BB40-4686-98AE-6A049DD11F7B}.Debug|Any CPU.ActiveCfg = Debug|Any CPU
		{E035D4DF-BB40-4686-98AE-6A049DD11F7B}.Debug|Any CPU.Build.0 = Debug|Any CPU
		{E035D4DF-BB40-4686-98AE-6A049DD11F7B}.Release|Any CPU.ActiveCfg = Release|Any CPU
		{E035D4DF-BB40-4686-98AE-6A049DD11F7B}.Release|Any CPU.Build.0 = Release|Any CPU
		{0C680BA6-B1FA-4AC6-BBD3-733339E19709}.Debug|Any CPU.ActiveCfg = Debug|Any CPU
		{0C680BA6-B1FA-4AC6-BBD3-733339E19709}.Debug|Any CPU.Build.0 = Debug|Any CPU
		{0C680BA6-B1FA-4AC6-BBD3-733339E19709}.Release|Any CPU.ActiveCfg = Release|Any CPU
		{0C680BA6-B1FA-4AC6-BBD3-733339E19709}.Release|Any CPU.Build.0 = Release|Any CPU
	EndGlobalSection
	GlobalSection(SolutionProperties) = preSolution
		HideSolutionNode = FALSE
	EndGlobalSection
EndGlobal
